<?xml version="1.0" encoding="utf-8"?>
<Project ToolsVersion="4.0" xmlns="http://schemas.microsoft.com/developer/msbuild/2003">
  <ItemGroup>
    <Filter Include="소스 파일">
      <UniqueIdentifier>{4FC737F1-C7A5-4376-A066-2A32D752A2FF}</UniqueIdentifier>
      <Extensions>cpp;c;cc;cxx;c++;cppm;ixx;def;odl;idl;hpj;bat;asm;asmx</Extensions>
    </Filter>
    <Filter Include="헤더 파일">
      <UniqueIdentifier>{93995380-89BD-4b04-88EB-625FBE52EBFB}</UniqueIdentifier>
      <Extensions>h;hh;hpp;hxx;h++;hm;inl;inc;ipp;xsd</Extensions>
    </Filter>
    <Filter Include="리소스 파일">
      <UniqueIdentifier>{67DA6AB6-F800-4c08-8B7A-83BB121AAD01}</UniqueIdentifier>
      <Extensions>rc;ico;cur;bmp;dlg;rc2;rct;bin;rgs;gif;jpg;jpeg;jpe;resx;tiff;tif;png;wav;mfcribbon-ms</Extensions>
    </Filter>
    <Filter Include="소스 파일\00 Main">
      <UniqueIdentifier>{6a2d2806-5189-4170-a5c1-efd9e781ab5c}</UniqueIdentifier>
    </Filter>
    <Filter Include="소스 파일\12 Protocol">
      <UniqueIdentifier>{3a7b5064-3fba-4874-8709-7b3751389f4c}</UniqueIdentifier>
    </Filter>
    <Filter Include="소스 파일\09 Voice">
      <UniqueIdentifier>{e909f882-5f06-4e95-935d-aa026dee75b8}</UniqueIdentifier>
    </Filter>
    <Filter Include="소스 파일\01 IOCP">
      <UniqueIdentifier>{7fd71ec1-24c9-4db1-b25a-0826c73cd903}</UniqueIdentifier>
    </Filter>
    <Filter Include="소스 파일\03 Client">
      <UniqueIdentifier>{7106c36e-d583-4c5e-92bc-559698fe6d73}</UniqueIdentifier>
    </Filter>
    <Filter Include="소스 파일\04 Room">
      <UniqueIdentifier>{a6c856b2-87f0-4405-a69d-a85b523fcc09}</UniqueIdentifier>
    </Filter>
    <Filter Include="소스 파일\02 DataBase">
      <UniqueIdentifier>{888e1868-1bce-414e-99a0-09516a91821b}</UniqueIdentifier>
    </Filter>
    <Filter Include="소스 파일\05 MapData">
      <UniqueIdentifier>{e79569e3-b52e-4279-a508-5d08686dc809}</UniqueIdentifier>
    </Filter>
    <Filter Include="소스 파일\06 Object">
      <UniqueIdentifier>{308bf954-f704-4510-a955-9c172a828c6c}</UniqueIdentifier>
    </Filter>
    <Filter Include="소스 파일\00 Main\Packet">
      <UniqueIdentifier>{4939896e-552a-4a9f-ab25-c61887c5746f}</UniqueIdentifier>
    </Filter>
    <Filter Include="소스 파일\00 Main\Session">
      <UniqueIdentifier>{b8fdc777-af48-4e58-9e79-beedc4b58d77}</UniqueIdentifier>
    </Filter>
  </ItemGroup>
  <ItemGroup>
    <ClInclude Include="IOCP.h">
      <Filter>소스 파일\01 IOCP</Filter>
    </ClInclude>
    <ClInclude Include="protocol.h">
      <Filter>소스 파일\12 Protocol</Filter>
    </ClInclude>
    <ClInclude Include="EXPOver.h">
      <Filter>소스 파일\12 Protocol</Filter>
    </ClInclude>
    <ClInclude Include="Voice_chat.h">
      <Filter>소스 파일\09 Voice</Filter>
    </ClInclude>
    <ClInclude Include="GameServer.h">
      <Filter>소스 파일\00 Main</Filter>
    </ClInclude>
    <ClInclude Include="User_Client.h">
      <Filter>소스 파일\03 Client</Filter>
    </ClInclude>
    <ClInclude Include="stdafx.h">
      <Filter>소스 파일\12 Protocol</Filter>
    </ClInclude>
    <ClInclude Include="Room_Manager.h">
      <Filter>소스 파일\04 Room</Filter>
    </ClInclude>
    <ClInclude Include="Room.h">
      <Filter>소스 파일\04 Room</Filter>
    </ClInclude>
    <ClInclude Include="DataBase.h">
      <Filter>소스 파일\02 DataBase</Filter>
    </ClInclude>
    <ClInclude Include="Map_Load.h">
      <Filter>소스 파일\05 MapData</Filter>
    </ClInclude>
    <ClInclude Include="Server_Timer.h">
      <Filter>소스 파일\00 Main\Session</Filter>
    </ClInclude>
    <ClInclude Include="User_Custom.h">
      <Filter>소스 파일\03 Client</Filter>
    </ClInclude>
    <ClInclude Include="object.h">
      <Filter>소스 파일\09 Voice</Filter>
    </ClInclude>
  </ItemGroup>
  <ItemGroup>
    <ClCompile Include="Main.cpp">
      <Filter>소스 파일\00 Main</Filter>
    </ClCompile>
    <ClCompile Include="GameServer.cpp">
      <Filter>소스 파일\00 Main</Filter>
    </ClCompile>
    <ClCompile Include="IOCP.cpp">
      <Filter>소스 파일\01 IOCP</Filter>
    </ClCompile>
    <ClCompile Include="EXPOver.cpp">
      <Filter>소스 파일\12 Protocol</Filter>
    </ClCompile>
    <ClCompile Include="Voice_chat.cpp">
      <Filter>소스 파일\09 Voice</Filter>
    </ClCompile>
    <ClCompile Include="User_Client.cpp">
      <Filter>소스 파일\03 Client</Filter>
    </ClCompile>
    <ClCompile Include="Room_Manager.cpp">
      <Filter>소스 파일\04 Room</Filter>
    </ClCompile>
    <ClCompile Include="Room.cpp">
      <Filter>소스 파일\04 Room</Filter>
    </ClCompile>
    <ClCompile Include="DataBase.cpp">
      <Filter>소스 파일\02 DataBase</Filter>
    </ClCompile>
    <ClCompile Include="Map_Load.cpp">
      <Filter>소스 파일\05 MapData</Filter>
    </ClCompile>
    <ClCompile Include="object.cpp">
      <Filter>소스 파일\06 Object</Filter>
    </ClCompile>
    <ClCompile Include="Server_SendPacket.cpp">
      <Filter>소스 파일\00 Main\Packet</Filter>
    </ClCompile>
    <ClCompile Include="Update_Session.cpp">
      <Filter>소스 파일\00 Main\Session</Filter>
    </ClCompile>
    <ClCompile Include="Server_ProcessPacket.cpp">
      <Filter>소스 파일\00 Main\Packet</Filter>
    </ClCompile>
    <ClCompile Include="Room_Update_Session.cpp">
      <Filter>소스 파일\04 Room</Filter>
    </ClCompile>
    <ClCompile Include="User_Custom.cpp">
      <Filter>소스 파일\03 Client</Filter>
    </ClCompile>
  </ItemGroup>
</Project>